
Microsoft Visual Studio Solution File, Format Version 12.00
# Visual Studio 15
VisualStudioVersion = 15.0.27130.2024
MinimumVisualStudioVersion = 10.0.40219.1
Project("{FAE04EC0-301F-11D3-BF4B-00C04F79EFBC}") = "CvetkovskiIvorBingo", "CvetkovskiIvorBingo\CvetkovskiIvorBingo.csproj", "{D2D665BA-AD7F-4768-ADA8-A18A78CC7495}"
EndProject
Global
	GlobalSection(SolutionConfigurationPlatforms) = preSolution
		Debug|Any CPU = Debug|Any CPU
		Release|Any CPU = Release|Any CPU
	EndGlobalSection
	GlobalSection(ProjectConfigurationPlatforms) = postSolution
		{D2D665BA-AD7F-4768-ADA8-A18A78CC7495}.Debug|Any CPU.ActiveCfg = Debug|Any CPU
		{D2D665BA-AD7F-4768-ADA8-A18A78CC7495}.Debug|Any CPU.Build.0 = Debug|Any CPU
		{D2D665BA-AD7F-4768-ADA8-A18A78CC7495}.Release|Any CPU.ActiveCfg = Release|Any CPU
		{D2D665BA-AD7F-4768-ADA8-A18A78CC7495}.Release|Any CPU.Build.0 = Release|Any CPU
	EndGlobalSection
	GlobalSection(SolutionProperties) = preSolution
		HideSolutionNode = FALSE
	EndGlobalSection
	GlobalSection(ExtensibilityGlobals) = postSolution
		SolutionGuid = {31240A04-AF51-41B7-BAFC-9BBAE4FD6C77}
	EndGlobalSection
EndGlobal
